
Microsoft Visual Studio Solution File, Format Version 12.00
# Visual Studio 15
VisualStudioVersion = 15.0.27130.2027
MinimumVisualStudioVersion = 10.0.40219.1
Project("{FAE04EC0-301F-11D3-BF4B-00C04F79EFBC}") = "TurtleChallangeCSharp", "TurtleChallangeCSharp\TurtleChallangeCSharp.csproj", "{B50AB9B5-B3E2-4935-BE98-A85CD0D45592}"
EndProject
Project("{FAE04EC0-301F-11D3-BF4B-00C04F79EFBC}") = "TurtleChallangeCSharp.Logic", "TurtleChallangeCSharp.Logic\TurtleChallangeCSharp.Logic.csproj", "{D0EDF474-E71C-416D-A132-9ACC995E3964}"
EndProject
Project("{FAE04EC0-301F-11D3-BF4B-00C04F79EFBC}") = "TurtleChallangeCSharp.Model", "TurtleChallangeCSharp.Model\TurtleChallangeCSharp.Model.csproj", "{C2C0CC03-E468-46CA-A99B-EC6F84EC38A4}"
EndProject
Project("{FAE04EC0-301F-11D3-BF4B-00C04F79EFBC}") = "TurtleChallangeCSharp.Logic.Test", "TurtleChallangeCSharp.Logic.Test\TurtleChallangeCSharp.Logic.Test.csproj", "{16E2478F-7070-4AC4-84E4-4A8B206BF74D}"
EndProject
Global
	GlobalSection(SolutionConfigurationPlatforms) = preSolution
		Debug|Any CPU = Debug|Any CPU
		Release|Any CPU = Release|Any CPU
	EndGlobalSection
	GlobalSection(ProjectConfigurationPlatforms) = postSolution
		{B50AB9B5-B3E2-4935-BE98-A85CD0D45592}.Debug|Any CPU.ActiveCfg = Debug|Any CPU
		{B50AB9B5-B3E2-4935-BE98-A85CD0D45592}.Debug|Any CPU.Build.0 = Debug|Any CPU
		{B50AB9B5-B3E2-4935-BE98-A85CD0D45592}.Release|Any CPU.ActiveCfg = Release|Any CPU
		{B50AB9B5-B3E2-4935-BE98-A85CD0D45592}.Release|Any CPU.Build.0 = Release|Any CPU
		{D0EDF474-E71C-416D-A132-9ACC995E3964}.Debug|Any CPU.ActiveCfg = Debug|Any CPU
		{D0EDF474-E71C-416D-A132-9ACC995E3964}.Debug|Any CPU.Build.0 = Debug|Any CPU
		{D0EDF474-E71C-416D-A132-9ACC995E3964}.Release|Any CPU.ActiveCfg = Release|Any CPU
		{D0EDF474-E71C-416D-A132-9ACC995E3964}.Release|Any CPU.Build.0 = Release|Any CPU
		{C2C0CC03-E468-46CA-A99B-EC6F84EC38A4}.Debug|Any CPU.ActiveCfg = Debug|Any CPU
		{C2C0CC03-E468-46CA-A99B-EC6F84EC38A4}.Debug|Any CPU.Build.0 = Debug|Any CPU
		{C2C0CC03-E468-46CA-A99B-EC6F84EC38A4}.Release|Any CPU.ActiveCfg = Release|Any CPU
		{C2C0CC03-E468-46CA-A99B-EC6F84EC38A4}.Release|Any CPU.Build.0 = Release|Any CPU
		{16E2478F-7070-4AC4-84E4-4A8B206BF74D}.Debug|Any CPU.ActiveCfg = Debug|Any CPU
		{16E2478F-7070-4AC4-84E4-4A8B206BF74D}.Debug|Any CPU.Build.0 = Debug|Any CPU
		{16E2478F-7070-4AC4-84E4-4A8B206BF74D}.Release|Any CPU.ActiveCfg = Release|Any CPU
		{16E2478F-7070-4AC4-84E4-4A8B206BF74D}.Release|Any CPU.Build.0 = Release|Any CPU
	EndGlobalSection
	GlobalSection(SolutionProperties) = preSolution
		HideSolutionNode = FALSE
	EndGlobalSection
	GlobalSection(ExtensibilityGlobals) = postSolution
		SolutionGuid = {D9E72559-02DC-4C16-AB1C-76A191DE5FD6}
	EndGlobalSection
EndGlobal
